
Microsoft Visual Studio Solution File, Format Version 12.00
# Visual Studio Version 16
VisualStudioVersion = 16.0.31424.327
MinimumVisualStudioVersion = 10.0.40219.1
Project("{FAE04EC0-301F-11D3-BF4B-00C04F79EFBC}") = "BlogLab.Web", "BlogLab.Web\BlogLab.Web.csproj", "{4759549C-0FBE-4D8D-A29D-5DBA86F3BE0C}"
EndProject
Global
	GlobalSection(SolutionConfigurationPlatforms) = preSolution
		Debug|Any CPU = Debug|Any CPU
		Release|Any CPU = Release|Any CPU
	EndGlobalSection
	GlobalSection(ProjectConfigurationPlatforms) = postSolution
		{4759549C-0FBE-4D8D-A29D-5DBA86F3BE0C}.Debug|Any CPU.ActiveCfg = Debug|Any CPU
		{4759549C-0FBE-4D8D-A29D-5DBA86F3BE0C}.Debug|Any CPU.Build.0 = Debug|Any CPU
		{4759549C-0FBE-4D8D-A29D-5DBA86F3BE0C}.Release|Any CPU.ActiveCfg = Release|Any CPU
		{4759549C-0FBE-4D8D-A29D-5DBA86F3BE0C}.Release|Any CPU.Build.0 = Release|Any CPU
	EndGlobalSection
	GlobalSection(SolutionProperties) = preSolution
		HideSolutionNode = FALSE
	EndGlobalSection
	GlobalSection(ExtensibilityGlobals) = postSolution
		SolutionGuid = {F2C8829B-F824-4927-990F-B0C0542B683D}
	EndGlobalSection
EndGlobal
